{
  "version": 4,
  "terraform_version": "0.12.20",
  "serial": 124,
  "lineage": "e6664e66-227b-ad7e-6a27-ff87833265e8",
  "outputs": {
    "api-gateway-endpoint": {
      "value": "https://48ylsuyiea.execute-api.us-east-1.amazonaws.com/idp-hook-updates",
      "type": "string"
    }
  },
  "resources": [
    {
      "mode": "data",
      "type": "aws_caller_identity",
      "name": "current",
      "provider": "provider.aws",
      "instances": [
        {
          "schema_version": 0,
          "attributes": {
            "account_id": "578161469167",
            "arn": "arn:aws:iam::578161469167:user/olfreyla",
            "id": "2020-02-11 14:25:49.707744 +0000 UTC",
            "user_id": "AIDAYNHI343X2RJBOXH3B"
          }
        }
      ]
    },
    {
      "mode": "data",
      "type": "aws_region",
      "name": "current",
      "provider": "provider.aws",
      "instances": [
        {
          "schema_version": 0,
          "attributes": {
            "current": null,
            "description": "US East (N. Virginia)",
            "endpoint": "ec2.us-east-1.amazonaws.com",
            "id": "us-east-1",
            "name": "us-east-1"
          }
        }
      ]
    },
    {
      "mode": "data",
      "type": "aws_secretsmanager_secret",
      "name": "idp_hook_updates",
      "provider": "provider.aws",
      "instances": [
        {
          "schema_version": 0,
          "attributes": {
            "arn": "arn:aws:secretsmanager:us-east-1:578161469167:secret:dev-idp-hook-updates-aYaoaN",
            "description": "",
            "id": "arn:aws:secretsmanager:us-east-1:578161469167:secret:dev-idp-hook-updates-aYaoaN",
            "kms_key_id": "",
            "name": "dev-idp-hook-updates",
            "policy": "",
            "rotation_enabled": false,
            "rotation_lambda_arn": "",
            "rotation_rules": [],
            "tags": {}
          }
        }
      ]
    },
    {
      "mode": "managed",
      "type": "aws_api_gateway_deployment",
      "name": "idp_hook_updates",
      "provider": "provider.aws",
      "instances": [
        {
          "schema_version": 0,
          "attributes": {
            "created_date": "2020-02-11T08:18:40Z",
            "description": "",
            "execution_arn": "arn:aws:execute-api:us-east-1:578161469167:48ylsuyiea/idp-hook-updates",
            "id": "m3x9ga",
            "invoke_url": "https://48ylsuyiea.execute-api.us-east-1.amazonaws.com/idp-hook-updates",
            "rest_api_id": "48ylsuyiea",
            "stage_description": null,
            "stage_name": "idp-hook-updates",
            "variables": null
          },
          "private": "bnVsbA==",
          "dependencies": [
            "aws_api_gateway_integration.idp_hook_updates_get",
            "aws_api_gateway_integration.idp_hook_updates_post",
            "aws_api_gateway_rest_api.idp_hook_updates"
          ]
        }
      ]
    },
    {
      "mode": "managed",
      "type": "aws_api_gateway_integration",
      "name": "idp_hook_updates_get",
      "provider": "provider.aws",
      "instances": [
        {
          "schema_version": 0,
          "attributes": {
            "cache_key_parameters": [],
            "cache_namespace": "fkhb95oxh7",
            "connection_id": "",
            "connection_type": "INTERNET",
            "content_handling": "",
            "credentials": "",
            "http_method": "GET",
            "id": "agi-48ylsuyiea-fkhb95oxh7-GET",
            "integration_http_method": "POST",
            "passthrough_behavior": "WHEN_NO_MATCH",
            "request_parameters": {},
            "request_parameters_in_json": null,
            "request_templates": {},
            "resource_id": "fkhb95oxh7",
            "rest_api_id": "48ylsuyiea",
            "timeout_milliseconds": 29000,
            "type": "AWS_PROXY",
            "uri": "arn:aws:apigateway:us-east-1:lambda:path/2015-03-31/functions/arn:aws:lambda:us-east-1:578161469167:function:dev-idp-hook-updates/invocations"
          },
          "private": "bnVsbA==",
          "dependencies": [
            "aws_api_gateway_method.idp_hook_updates_get",
            "aws_api_gateway_rest_api.idp_hook_updates",
            "aws_lambda_function.idp_hook_updates"
          ]
        }
      ]
    },
    {
      "mode": "managed",
      "type": "aws_api_gateway_integration",
      "name": "idp_hook_updates_post",
      "provider": "provider.aws",
      "instances": [
        {
          "schema_version": 0,
          "attributes": {
            "cache_key_parameters": [],
            "cache_namespace": "fkhb95oxh7",
            "connection_id": "",
            "connection_type": "INTERNET",
            "content_handling": "",
            "credentials": "",
            "http_method": "POST",
            "id": "agi-48ylsuyiea-fkhb95oxh7-POST",
            "integration_http_method": "POST",
            "passthrough_behavior": "WHEN_NO_MATCH",
            "request_parameters": {},
            "request_parameters_in_json": null,
            "request_templates": {},
            "resource_id": "fkhb95oxh7",
            "rest_api_id": "48ylsuyiea",
            "timeout_milliseconds": 29000,
            "type": "AWS_PROXY",
            "uri": "arn:aws:apigateway:us-east-1:lambda:path/2015-03-31/functions/arn:aws:lambda:us-east-1:578161469167:function:dev-idp-hook-updates/invocations"
          },
          "private": "bnVsbA==",
          "dependencies": [
            "aws_api_gateway_method.idp_hook_updates_post",
            "aws_api_gateway_rest_api.idp_hook_updates",
            "aws_lambda_function.idp_hook_updates"
          ]
        }
      ]
    },
    {
      "mode": "managed",
      "type": "aws_api_gateway_integration_response",
      "name": "idp_hook_updates_post",
      "provider": "provider.aws",
      "instances": [
        {
          "schema_version": 0,
          "attributes": {
            "content_handling": "",
            "http_method": "POST",
            "id": "agir-48ylsuyiea-fkhb95oxh7-POST-200",
            "resource_id": "fkhb95oxh7",
            "response_parameters": {},
            "response_parameters_in_json": null,
            "response_templates": {
              "application/json": ""
            },
            "rest_api_id": "48ylsuyiea",
            "selection_pattern": "",
            "status_code": "200"
          },
          "private": "bnVsbA==",
          "dependencies": [
            "aws_api_gateway_method.idp_hook_updates_post",
            "aws_api_gateway_rest_api.idp_hook_updates"
          ]
        }
      ]
    },
    {
      "mode": "managed",
      "type": "aws_api_gateway_method",
      "name": "idp_hook_updates_get",
      "provider": "provider.aws",
      "instances": [
        {
          "schema_version": 0,
          "attributes": {
            "api_key_required": false,
            "authorization": "NONE",
            "authorization_scopes": [],
            "authorizer_id": "",
            "http_method": "GET",
            "id": "agm-48ylsuyiea-fkhb95oxh7-GET",
            "request_models": {},
            "request_parameters": {
              "method.request.header.X-Okta-Verification-Challenge": true
            },
            "request_parameters_in_json": null,
            "request_validator_id": "",
            "resource_id": "fkhb95oxh7",
            "rest_api_id": "48ylsuyiea"
          },
          "private": "bnVsbA==",
          "dependencies": [
            "aws_api_gateway_rest_api.idp_hook_updates"
          ]
        }
      ]
    },
    {
      "mode": "managed",
      "type": "aws_api_gateway_method",
      "name": "idp_hook_updates_post",
      "provider": "provider.aws",
      "instances": [
        {
          "schema_version": 0,
          "attributes": {
            "api_key_required": false,
            "authorization": "NONE",
            "authorization_scopes": [],
            "authorizer_id": "",
            "http_method": "POST",
            "id": "agm-48ylsuyiea-fkhb95oxh7-POST",
            "request_models": {},
            "request_parameters": {
              "method.request.header.Authorization": true
            },
            "request_parameters_in_json": null,
            "request_validator_id": "",
            "resource_id": "fkhb95oxh7",
            "rest_api_id": "48ylsuyiea"
          },
          "private": "bnVsbA==",
          "dependencies": [
            "aws_api_gateway_rest_api.idp_hook_updates"
          ]
        }
      ]
    },
    {
      "mode": "managed",
      "type": "aws_api_gateway_method_response",
      "name": "idp_hook_updates_get",
      "provider": "provider.aws",
      "instances": [
        {
          "schema_version": 0,
          "attributes": {
            "http_method": "GET",
            "id": "agmr-48ylsuyiea-fkhb95oxh7-GET-200",
            "resource_id": "fkhb95oxh7",
            "response_models": {
              "application/json": "Empty"
            },
            "response_parameters": {},
            "response_parameters_in_json": null,
            "rest_api_id": "48ylsuyiea",
            "status_code": "200"
          },
          "private": "bnVsbA==",
          "dependencies": [
            "aws_api_gateway_integration.idp_hook_updates_get",
            "aws_api_gateway_method.idp_hook_updates_get",
            "aws_api_gateway_rest_api.idp_hook_updates",
            "aws_lambda_function.idp_hook_updates"
          ]
        }
      ]
    },
    {
      "mode": "managed",
      "type": "aws_api_gateway_method_response",
      "name": "idp_hook_updates_post",
      "provider": "provider.aws",
      "instances": [
        {
          "schema_version": 0,
          "attributes": {
            "http_method": "POST",
            "id": "agmr-48ylsuyiea-fkhb95oxh7-POST-200",
            "resource_id": "fkhb95oxh7",
            "response_models": {
              "application/json": "Empty"
            },
            "response_parameters": {},
            "response_parameters_in_json": null,
            "rest_api_id": "48ylsuyiea",
            "status_code": "200"
          },
          "private": "bnVsbA==",
          "dependencies": [
            "aws_api_gateway_method.idp_hook_updates_post",
            "aws_api_gateway_rest_api.idp_hook_updates"
          ]
        }
      ]
    },
    {
      "mode": "managed",
      "type": "aws_api_gateway_rest_api",
      "name": "idp_hook_updates",
      "provider": "provider.aws",
      "instances": [
        {
          "schema_version": 0,
          "attributes": {
            "api_key_source": "HEADER",
            "arn": "arn:aws:apigateway:us-east-1::/restapis/48ylsuyiea",
            "binary_media_types": [],
            "body": null,
            "created_date": "2020-02-10T08:38:07Z",
            "description": "",
            "endpoint_configuration": [
              {
                "types": [
                  "REGIONAL"
                ]
              }
            ],
            "execution_arn": "arn:aws:execute-api:us-east-1:578161469167:48ylsuyiea",
            "id": "48ylsuyiea",
            "minimum_compression_size": -1,
            "name": "dev-idp-hook-updates",
            "policy": "",
            "root_resource_id": "fkhb95oxh7",
            "tags": {}
          },
          "private": "bnVsbA=="
        }
      ]
    },
    {
      "mode": "managed",
      "type": "aws_dynamodb_table",
      "name": "events",
      "provider": "provider.aws",
      "instances": [
        {
          "schema_version": 1,
          "attributes": {
            "arn": "arn:aws:dynamodb:us-east-1:578161469167:table/dev-idp-hook-updates-events",
            "attribute": [
              {
                "name": "eventId",
                "type": "S"
              }
            ],
            "billing_mode": "PAY_PER_REQUEST",
            "global_secondary_index": [],
            "hash_key": "eventId",
            "id": "dev-idp-hook-updates-events",
            "local_secondary_index": [],
            "name": "dev-idp-hook-updates-events",
            "point_in_time_recovery": [
              {
                "enabled": false
              }
            ],
            "range_key": null,
            "read_capacity": 0,
            "server_side_encryption": [
              {
                "enabled": true
              }
            ],
            "stream_arn": "",
            "stream_enabled": false,
            "stream_label": "",
            "stream_view_type": "",
            "tags": {
              "Name": "dev-idp-hook-updates-events"
            },
            "timeouts": null,
            "ttl": [
              {
                "attribute_name": "expiration",
                "enabled": true
              }
            ],
            "write_capacity": 0
          },
          "private": "eyJlMmJmYjczMC1lY2FhLTExZTYtOGY4OC0zNDM2M2JjN2M0YzAiOnsiY3JlYXRlIjo2MDAwMDAwMDAwMDAsImRlbGV0ZSI6NjAwMDAwMDAwMDAwLCJ1cGRhdGUiOjM2MDAwMDAwMDAwMDB9LCJzY2hlbWFfdmVyc2lvbiI6IjEifQ=="
        }
      ]
    },
    {
      "mode": "managed",
      "type": "aws_iam_role",
      "name": "idp_hook_updates",
      "provider": "provider.aws",
      "instances": [
        {
          "schema_version": 0,
          "attributes": {
            "arn": "arn:aws:iam::578161469167:role/dev-idp-hook-updates",
            "assume_role_policy": "{\"Version\":\"2012-10-17\",\"Statement\":[{\"Effect\":\"Allow\",\"Principal\":{\"Service\":\"lambda.amazonaws.com\"},\"Action\":\"sts:AssumeRole\"}]}",
            "create_date": "2020-02-10T08:38:07Z",
            "description": "",
            "force_detach_policies": false,
            "id": "dev-idp-hook-updates",
            "max_session_duration": 3600,
            "name": "dev-idp-hook-updates",
            "name_prefix": null,
            "path": "/",
            "permissions_boundary": null,
            "tags": {},
            "unique_id": "AROAYNHI343XYBZ2DNC3C"
          },
          "private": "bnVsbA=="
        }
      ]
    },
    {
      "mode": "managed",
      "type": "aws_iam_role_policy",
      "name": "idp_hook_updates",
      "provider": "provider.aws",
      "instances": [
        {
          "schema_version": 0,
          "attributes": {
            "id": "dev-idp-hook-updates:dev-idp-hook-updates",
            "name": "dev-idp-hook-updates",
            "name_prefix": null,
            "policy": "{\n  \"Version\": \"2012-10-17\",\n  \"Statement\": [\n    {\n      \"Effect\": \"Allow\",\n      \"Action\": [\n        \"dynamodb:GetItem\",\n        \"dynamodb:PutItem\"\n      ],\n      \"Resource\": [\n        \"arn:aws:dynamodb:us-east-1:578161469167:table/dev-idp-hook-updates-events\"\n      ]\n    },\n    {\n        \"Effect\": \"Allow\",\n        \"Action\": \"secretsmanager:GetSecretValue\",\n        \"Resource\": \"arn:aws:secretsmanager:us-east-1:578161469167:secret:dev-idp-hook-updates-aYaoaN\"\n    },\n    {\n      \"Effect\": \"Allow\",\n      \"Action\": [\n          \"logs:CreateLogGroup\"\n      ],\n      \"Resource\": [\n        \"arn:aws:logs:us-east-1:578161469167:*\"\n      ]\n    },\n    {\n      \"Effect\": \"Allow\",\n      \"Action\": [\n          \"logs:CreateLogStream\",\n          \"logs:PutLogEvents\"\n      ],\n      \"Resource\": [\n        \"arn:aws:logs:us-east-1:578161469167:log-group:/aws/lambda/dev-idp-hook-updates:*\"\n      ]\n    }\n  ]\n}\n",
            "role": "dev-idp-hook-updates"
          },
          "private": "bnVsbA==",
          "dependencies": [
            "aws_dynamodb_table.events",
            "aws_iam_role.idp_hook_updates"
          ]
        }
      ]
    },
    {
      "mode": "managed",
      "type": "aws_lambda_function",
      "name": "idp_hook_updates",
      "provider": "provider.aws",
      "instances": [
        {
          "schema_version": 0,
          "attributes": {
            "arn": "arn:aws:lambda:us-east-1:578161469167:function:dev-idp-hook-updates",
            "dead_letter_config": [],
            "description": "",
            "environment": [
              {
                "variables": {
                  "DUO_ENDPOINT": "https://api-5ee7adc8.duosecurity.com/admin/v1",
                  "EVENTS_TABLE_NAME": "dev-idp-hook-updates-events",
                  "OKTA_ENDPOINT": "https://security-dev1.myverysecuresignon.name/api/v1",
                  "SM_SECRETS_ID": "dev-idp-hook-updates"
                }
              }
            ],
            "filename": "./../dist/idp-hook-updates.zip",
            "function_name": "dev-idp-hook-updates",
            "handler": "index.handler",
            "id": "dev-idp-hook-updates",
            "invoke_arn": "arn:aws:apigateway:us-east-1:lambda:path/2015-03-31/functions/arn:aws:lambda:us-east-1:578161469167:function:dev-idp-hook-updates/invocations",
            "kms_key_arn": "",
            "last_modified": "2020-02-11T13:20:21.567+0000",
            "layers": [],
            "memory_size": 128,
            "publish": false,
            "qualified_arn": "arn:aws:lambda:us-east-1:578161469167:function:dev-idp-hook-updates:$LATEST",
            "reserved_concurrent_executions": -1,
            "role": "arn:aws:iam::578161469167:role/dev-idp-hook-updates",
            "runtime": "nodejs12.x",
            "s3_bucket": null,
            "s3_key": null,
            "s3_object_version": null,
            "source_code_hash": "wgUEV7WIqjj+dzMNr+6Oqn9Xou/CJNrO7U0H2beog18=",
            "source_code_size": 844361,
            "tags": {},
            "timeout": 3,
            "timeouts": null,
            "tracing_config": [
              {
                "mode": "PassThrough"
              }
            ],
            "version": "$LATEST",
            "vpc_config": []
          },
          "private": "eyJlMmJmYjczMC1lY2FhLTExZTYtOGY4OC0zNDM2M2JjN2M0YzAiOnsiY3JlYXRlIjo2MDAwMDAwMDAwMDB9fQ==",
          "dependencies": [
            "aws_dynamodb_table.events",
            "aws_iam_role.idp_hook_updates"
          ]
        }
      ]
    },
    {
      "mode": "managed",
      "type": "aws_lambda_permission",
      "name": "idp_hook_updates_get",
      "provider": "provider.aws",
      "instances": [
        {
          "schema_version": 0,
          "attributes": {
            "action": "lambda:InvokeFunction",
            "event_source_token": null,
            "function_name": "dev-idp-hook-updates",
            "id": "dev-idp-hook-updates-get-allow-execution-from-api-gateway",
            "principal": "apigateway.amazonaws.com",
            "qualifier": "",
            "source_account": null,
            "source_arn": "arn:aws:execute-api:us-east-1:578161469167:48ylsuyiea/*/GET/",
            "statement_id": "dev-idp-hook-updates-get-allow-execution-from-api-gateway",
            "statement_id_prefix": null
          },
          "private": "bnVsbA==",
          "dependencies": [
            "aws_api_gateway_method.idp_hook_updates_get",
            "aws_api_gateway_rest_api.idp_hook_updates",
            "aws_lambda_function.idp_hook_updates"
          ]
        }
      ]
    },
    {
      "mode": "managed",
      "type": "aws_lambda_permission",
      "name": "idp_hook_updates_post",
      "provider": "provider.aws",
      "instances": [
        {
          "schema_version": 0,
          "attributes": {
            "action": "lambda:InvokeFunction",
            "event_source_token": null,
            "function_name": "dev-idp-hook-updates",
            "id": "dev-idp-hook-updates-post-allow-execution-from-api-gateway",
            "principal": "apigateway.amazonaws.com",
            "qualifier": "",
            "source_account": null,
            "source_arn": "arn:aws:execute-api:us-east-1:578161469167:48ylsuyiea/*/POST/",
            "statement_id": "dev-idp-hook-updates-post-allow-execution-from-api-gateway",
            "statement_id_prefix": null
          },
          "private": "bnVsbA==",
          "dependencies": [
            "aws_api_gateway_method.idp_hook_updates_post",
            "aws_api_gateway_rest_api.idp_hook_updates",
            "aws_lambda_function.idp_hook_updates"
          ]
        }
      ]
    }
  ]
}
